
Microsoft Visual Studio Solution File, Format Version 12.00
# Visual Studio 14
VisualStudioVersion = 14.0.25420.1
MinimumVisualStudioVersion = 10.0.40219.1
Project("{FAE04EC0-301F-11D3-BF4B-00C04F79EFBC}") = "Assignment Q3", "Assignment Q3\Assignment Q3.csproj", "{FF0C19A1-6C37-451C-A7B8-639F9E62DCFC}"
EndProject
Global
	GlobalSection(SolutionConfigurationPlatforms) = preSolution
		Debug|Any CPU = Debug|Any CPU
		Release|Any CPU = Release|Any CPU
	EndGlobalSection
	GlobalSection(ProjectConfigurationPlatforms) = postSolution
		{FF0C19A1-6C37-451C-A7B8-639F9E62DCFC}.Debug|Any CPU.ActiveCfg = Debug|Any CPU
		{FF0C19A1-6C37-451C-A7B8-639F9E62DCFC}.Debug|Any CPU.Build.0 = Debug|Any CPU
		{FF0C19A1-6C37-451C-A7B8-639F9E62DCFC}.Release|Any CPU.ActiveCfg = Release|Any CPU
		{FF0C19A1-6C37-451C-A7B8-639F9E62DCFC}.Release|Any CPU.Build.0 = Release|Any CPU
	EndGlobalSection
	GlobalSection(SolutionProperties) = preSolution
		HideSolutionNode = FALSE
	EndGlobalSection
EndGlobal
